
Microsoft Visual Studio Solution File, Format Version 12.00
# Visual Studio 15
VisualStudioVersion = 15.0.28307.645
MinimumVisualStudioVersion = 10.0.40219.1
Project("{FAE04EC0-301F-11D3-BF4B-00C04F79EFBC}") = "MarsRover", "MarsRover\MarsRover.csproj", "{325EA00D-94B4-4E6B-AA00-A0D0D0E56072}"
EndProject
Project("{FAE04EC0-301F-11D3-BF4B-00C04F79EFBC}") = "MarsRover.Tests", "MarsRover.Tests\MarsRover.Tests.csproj", "{53E58D8A-C8EE-4EA6-B57E-E6BA5CD507D6}"
EndProject
Global
	GlobalSection(SolutionConfigurationPlatforms) = preSolution
		Debug|Any CPU = Debug|Any CPU
		Release|Any CPU = Release|Any CPU
	EndGlobalSection
	GlobalSection(ProjectConfigurationPlatforms) = postSolution
		{325EA00D-94B4-4E6B-AA00-A0D0D0E56072}.Debug|Any CPU.ActiveCfg = Debug|Any CPU
		{325EA00D-94B4-4E6B-AA00-A0D0D0E56072}.Debug|Any CPU.Build.0 = Debug|Any CPU
		{325EA00D-94B4-4E6B-AA00-A0D0D0E56072}.Release|Any CPU.ActiveCfg = Release|Any CPU
		{325EA00D-94B4-4E6B-AA00-A0D0D0E56072}.Release|Any CPU.Build.0 = Release|Any CPU
		{53E58D8A-C8EE-4EA6-B57E-E6BA5CD507D6}.Debug|Any CPU.ActiveCfg = Debug|Any CPU
		{53E58D8A-C8EE-4EA6-B57E-E6BA5CD507D6}.Debug|Any CPU.Build.0 = Debug|Any CPU
		{53E58D8A-C8EE-4EA6-B57E-E6BA5CD507D6}.Release|Any CPU.ActiveCfg = Release|Any CPU
		{53E58D8A-C8EE-4EA6-B57E-E6BA5CD507D6}.Release|Any CPU.Build.0 = Release|Any CPU
	EndGlobalSection
	GlobalSection(SolutionProperties) = preSolution
		HideSolutionNode = FALSE
	EndGlobalSection
	GlobalSection(ExtensibilityGlobals) = postSolution
		SolutionGuid = {746F3016-B77F-4EEA-89E2-287C644AD493}
	EndGlobalSection
EndGlobal
